// !$*UTF8*$!
{
	archiveVersion = 1;
	classes = {
	};
	objectVersion = 50;
	objects = {

/* Begin PBXBuildFile section */
		18842C4A25DFAC5A00F0DCDC /* AppDelegate.m in Sources */ = {isa = PBXBuildFile; fileRef = 18842C4925DFAC5A00F0DCDC /* AppDelegate.m */; };
		18842C4D25DFAC5A00F0DCDC /* SceneDelegate.m in Sources */ = {isa = PBXBuildFile; fileRef = 18842C4C25DFAC5A00F0DCDC /* SceneDelegate.m */; };
		18842C5025DFAC5A00F0DCDC /* ViewController.m in Sources */ = {isa = PBXBuildFile; fileRef = 18842C4F25DFAC5A00F0DCDC /* ViewController.m */; };
		18842C5325DFAC5A00F0DCDC /* Main.storyboard in Resources */ = {isa = PBXBuildFile; fileRef = 18842C5125DFAC5A00F0DCDC /* Main.storyboard */; };
		18842C5525DFAC5B00F0DCDC /* Assets.xcassets in Resources */ = {isa = PBXBuildFile; fileRef = 18842C5425DFAC5B00F0DCDC /* Assets.xcassets */; };
		18842C5825DFAC5B00F0DCDC /* LaunchScreen.storyboard in Resources */ = {isa = PBXBuildFile; fileRef = 18842C5625DFAC5B00F0DCDC /* LaunchScreen.storyboard */; };
		18842C5B25DFAC5B00F0DCDC /* main.m in Sources */ = {isa = PBXBuildFile; fileRef = 18842C5A25DFAC5B00F0DCDC /* main.m */; };
		18842C6625E2726300F0DCDC /* test.storyboard in Resources */ = {isa = PBXBuildFile; fileRef = 18842C6525E2726300F0DCDC /* test.storyboard */; };
/* End PBXBuildFile section */

/* Begin PBXFileReference section */
		18842C4525DFAC5A00F0DCDC /* hello-word.app */ = {isa = PBXFileReference; explicitFileType = wrapper.application; includeInIndex = 0; path = "hello-word.app"; sourceTree = BUILT_PRODUCTS_DIR; };
		18842C4825DFAC5A00F0DCDC /* AppDelegate.h */ = {isa = PBXFileReference; lastKnownFileType = sourcecode.c.h; path = AppDelegate.h; sourceTree = "<group>"; };
		18842C4925DFAC5A00F0DCDC /* AppDelegate.m */ = {isa = PBXFileReference; lastKnownFileType = sourcecode.c.objc; path = AppDelegate.m; sourceTree = "<group>"; };
		18842C4B25DFAC5A00F0DCDC /* SceneDelegate.h */ = {isa = PBXFileReference; lastKnownFileType = sourcecode.c.h; path = SceneDelegate.h; sourceTree = "<group>"; };
		18842C4C25DFAC5A00F0DCDC /* SceneDelegate.m */ = {isa = PBXFileReference; lastKnownFileType = sourcecode.c.objc; path = SceneDelegate.m; sourceTree = "<group>"; };
		18842C4E25DFAC5A00F0DCDC /* ViewController.h */ = {isa = PBXFileReference; lastKnownFileType = sourcecode.c.h; path = ViewController.h; sourceTree = "<group>"; };
		18842C4F25DFAC5A00F0DCDC /* ViewController.m */ = {isa = PBXFileReference; lastKnownFileType = sourcecode.c.objc; path = ViewController.m; sourceTree = "<group>"; };
		18842C5225DFAC5A00F0DCDC /* Base */ = {isa = PBXFileReference; lastKnownFileType = file.storyboard; name = Base; path = Base.lproj/Main.storyboard; sourceTree = "<group>"; };
		18842C5425DFAC5B00F0DCDC /* Assets.xcassets */ = {isa = PBXFileReference; lastKnownFileType = folder.assetcatalog; path = Assets.xcassets; sourceTree = "<group>"; };
		18842C5725DFAC5B00F0DCDC /* Base */ = {isa = PBXFileReference; lastKnownFileType = file.storyboard; name = Base; path = Base.lproj/LaunchScreen.storyboard; sourceTree = "<group>"; };
		18842C5925DFAC5B00F0DCDC /* Info.plist */ = {isa = PBXFileReference; lastKnownFileType = text.plist.xml; path = Info.plist; sourceTree = "<group>"; };
		18842C5A25DFAC5B00F0DCDC /* main.m */ = {isa = PBXFileReference; lastKnownFileType = sourcecode.c.objc; path = main.m; sourceTree = "<group>"; };
		18842C6525E2726300F0DCDC /* test.storyboard */ = {isa = PBXFileReference; lastKnownFileType = file.storyboard; path = test.storyboard; sourceTree = "<group>"; };
/* End PBXFileReference section */

/* Begin PBXFrameworksBuildPhase section */
		18842C4225DFAC5A00F0DCDC /* Frameworks */ = {
			isa = PBXFrameworksBuildPhase;
			buildActionMask = 2147483647;
			files = (
			);
			runOnlyForDeploymentPostprocessing = 0;
		};
/* End PBXFrameworksBuildPhase section */

/* Begin PBXGroup section */
		18842C3C25DFAC5A00F0DCDC = {
			isa = PBXGroup;
			children = (
				18842C4725DFAC5A00F0DCDC /* hello-word */,
				18842C4625DFAC5A00F0DCDC /* Products */,
			);
			sourceTree = "<group>";
		};
		18842C4625DFAC5A00F0DCDC /* Products */ = {
			isa = PBXGroup;
			children = (
				18842C4525DFAC5A00F0DCDC /* hello-word.app */,
			);
			name = Products;
			sourceTree = "<group>";
		};
		18842C4725DFAC5A00F0DCDC /* hello-word */ = {
			isa = PBXGroup;
			children = (
				18842C4825DFAC5A00F0DCDC /* AppDelegate.h */,
				18842C4925DFAC5A00F0DCDC /* AppDelegate.m */,
				18842C4B25DFAC5A00F0DCDC /* SceneDelegate.h */,
				18842C4C25DFAC5A00F0DCDC /* SceneDelegate.m */,
				18842C4E25DFAC5A00F0DCDC /* ViewController.h */,
				18842C4F25DFAC5A00F0DCDC /* ViewController.m */,
				18842C5125DFAC5A00F0DCDC /* Main.storyboard */,
				18842C5425DFAC5B00F0DCDC /* Assets.xcassets */,
				18842C5625DFAC5B00F0DCDC /* LaunchScreen.storyboard */,
				18842C5925DFAC5B00F0DCDC /* Info.plist */,
				18842C5A25DFAC5B00F0DCDC /* main.m */,
				18842C6525E2726300F0DCDC /* test.storyboard */,
			);
			path = "hello-word";
			sourceTree = "<group>";
		};
/* End PBXGroup section */

/* Begin PBXNativeTarget section */
		18842C4425DFAC5A00F0DCDC /* hello-word */ = {
			isa = PBXNativeTarget;
			buildConfigurationList = 18842C5E25DFAC5B00F0DCDC /* Build configuration list for PBXNativeTarget "hello-word" */;
			buildPhases = (
				18842C4125DFAC5A00F0DCDC /* Sources */,
				18842C4225DFAC5A00F0DCDC /* Frameworks */,
				18842C4325DFAC5A00F0DCDC /* Resources */,
			);
			buildRules = (
			);
			dependencies = (
			);
			name = "hello-word";
			productName = "hello-word";
			productReference = 18842C4525DFAC5A00F0DCDC /* hello-word.app */;
			productType = "com.apple.product-type.application";
		};
/* End PBXNativeTarget section */

/* Begin PBXProject section */
		18842C3D25DFAC5A00F0DCDC /* Project object */ = {
			isa = PBXProject;
			attributes = {
				LastUpgradeCheck = 1140;
				ORGANIZATIONNAME = xcyn;
				TargetAttributes = {
					18842C4425DFAC5A00F0DCDC = {
						CreatedOnToolsVersion = 11.4.1;
					};
				};
			};
			buildConfigurationList = 18842C4025DFAC5A00F0DCDC /* Build configuration list for PBXProject "hello-word" */;
			compatibilityVersion = "Xcode 9.3";
			developmentRegion = en;
			hasScannedForEncodings = 0;
			knownRegions = (
				en,
				Base,
			);
			mainGroup = 18842C3C25DFAC5A00F0DCDC;
			productRefGroup = 18842C4625DFAC5A00F0DCDC /* Products */;
			projectDirPath = "";
			projectRoot = "";
			targets = (
				18842C4425DFAC5A00F0DCDC /* hello-word */,
			);
		};
/* End PBXProject section */

/* Begin PBXResourcesBuildPhase section */
		18842C4325DFAC5A00F0DCDC /* Resources */ = {
			isa = PBXResourcesBuildPhase;
			buildActionMask = 2147483647;
			files = (
				18842C5825DFAC5B00F0DCDC /* LaunchScreen.storyboard in Resources */,
				18842C5525DFAC5B00F0DCDC /* Assets.xcassets in Resources */,
				18842C6625E2726300F0DCDC /* test.storyboard in Resources */,
				18842C5325DFAC5A00F0DCDC /* Main.storyboard in Resources */,
			);
			runOnlyForDeploymentPostprocessing = 0;
		};
/* End PBXResourcesBuildPhase section */

/* Begin PBXSourcesBuildPhase section */
		18842C4125DFAC5A00F0DCDC /* Sources */ = {
			isa = PBXSourcesBuildPhase;
			buildActionMask = 2147483647;
			files = (
				18842C5025DFAC5A00F0DCDC /* ViewController.m in Sources */,
				18842C4A25DFAC5A00F0DCDC /* AppDelegate.m in Sources */,
				18842C5B25DFAC5B00F0DCDC /* main.m in Sources */,
				18842C4D25DFAC5A00F0DCDC /* SceneDelegate.m in Sources */,
			);
			runOnlyForDeploymentPostprocessing = 0;
		};
/* End PBXSourcesBuildPhase section */

/* Begin PBXVariantGroup section */
		18842C5125DFAC5A00F0DCDC /* Main.storyboard */ = {
			isa = PBXVariantGroup;
			children = (
				18842C5225DFAC5A00F0DCDC /* Base */,
			);
			name = Main.storyboard;
			sourceTree = "<group>";
		};
		18842C5625DFAC5B00F0DCDC /* LaunchScreen.storyboard */ = {
			isa = PBXVariantGroup;
			children = (
				18842C5725DFAC5B00F0DCDC /* Base */,
			);
			name = LaunchScreen.storyboard;
			sourceTree = "<group>";
		};
/* End PBXVariantGroup section */

/* Begin XCBuildConfiguration section */
		18842C5C25DFAC5B00F0DCDC /* Debug */ = {
			isa = XCBuildConfiguration;
			buildSettings = {
				ALWAYS_SEARCH_USER_PATHS = NO;
				CLANG_ANALYZER_NONNULL = YES;
				CLANG_ANALYZER_NUMBER_OBJECT_CONVERSION = YES_AGGRESSIVE;
				CLANG_CXX_LANGUAGE_STANDARD = "gnu++14";
				CLANG_CXX_LIBRARY = "libc++";
				CLANG_ENABLE_MODULES = YES;
				CLANG_ENABLE_OBJC_ARC = YES;
				CLANG_ENABLE_OBJC_WEAK = YES;
				CLANG_WARN_BLOCK_CAPTURE_AUTORELEASING = YES;
				CLANG_WARN_BOOL_CONVERSION = YES;
				CLANG_WARN_COMMA = YES;
				CLANG_WARN_CONSTANT_CONVERSION = YES;
				CLANG_WARN_DEPRECATED_OBJC_IMPLEMENTATIONS = YES;
				CLANG_WARN_DIRECT_OBJC_ISA_USAGE = YES_ERROR;
				CLANG_WARN_DOCUMENTATION_COMMENTS = YES;
				CLANG_WARN_EMPTY_BODY = YES;
				CLANG_WARN_ENUM_CONVERSION = YES;
				CLANG_WARN_INFINITE_RECURSION = YES;
				CLANG_WARN_INT_CONVERSION = YES;
				CLANG_WARN_NON_LITERAL_NULL_CONVERSION = YES;
				CLANG_WARN_OBJC_IMPLICIT_RETAIN_SELF = YES;
				CLANG_WARN_OBJC_LITERAL_CONVERSION = YES;
				CLANG_WARN_OBJC_ROOT_CLASS = YES_ERROR;
				CLANG_WARN_RANGE_LOOP_ANALYSIS = YES;
				CLANG_WARN_STRICT_PROTOTYPES = YES;
				CLANG_WARN_SUSPICIOUS_MOVE = YES;
				CLANG_WARN_UNGUARDED_AVAILABILITY = YES_AGGRESSIVE;
				CLANG_WARN_UNREACHABLE_CODE = YES;
				CLANG_WARN__DUPLICATE_METHOD_MATCH = YES;
				COPY_PHASE_STRIP = NO;
				DEBUG_INFORMATION_FORMAT = dwarf;
				ENABLE_STRICT_OBJC_MSGSEND = YES;
				ENABLE_TESTABILITY = YES;
				GCC_C_LANGUAGE_STANDARD = gnu11;
				GCC_DYNAMIC_NO_PIC = NO;
				GCC_NO_COMMON_BLOCKS = YES;
				GCC_OPTIMIZATION_LEVEL = 0;
				GCC_PREPROCESSOR_DEFINITIONS = (
					"DEBUG=1",
					"$(inherited)",
				);
				GCC_WARN_64_TO_32_BIT_CONVERSION = YES;
				GCC_WARN_ABOUT_RETURN_TYPE = YES_ERROR;
				GCC_WARN_UNDECLARED_SELECTOR = YES;
				GCC_WARN_UNINITIALIZED_AUTOS = YES_AGGRESSIVE;
				GCC_WARN_UNUSED_FUNCTION = YES;
				GCC_WARN_UNUSED_VARIABLE = YES;
				IPHONEOS_DEPLOYMENT_TARGET = 13.4;
				MTL_ENABLE_DEBUG_INFO = INCLUDE_SOURCE;
				MTL_FAST_MATH = YES;
				ONLY_ACTIVE_ARCH = YES;
				SDKROOT = iphoneos;
			};
			name = Debug;
		};
		18842C5D25DFAC5B00F0DCDC /* Release */ = {
			isa = XCBuildConfiguration;
			buildSettings = {
				ALWAYS_SEARCH_USER_PATHS = NO;
				CLANG_ANALYZER_NONNULL = YES;
				CLANG_ANALYZER_NUMBER_OBJECT_CONVERSION = YES_AGGRESSIVE;
				CLANG_CXX_LANGUAGE_STANDARD = "gnu++14";
				CLANG_CXX_LIBRARY = "libc++";
				CLANG_ENABLE_MODULES = YES;
				CLANG_ENABLE_OBJC_ARC = YES;
				CLANG_ENABLE_OBJC_WEAK = YES;
				CLANG_WARN_BLOCK_CAPTURE_AUTORELEASING = YES;
				CLANG_WARN_BOOL_CONVERSION = YES;
				CLANG_WARN_COMMA = YES;
				CLANG_WARN_CONSTANT_CONVERSION = YES;
				CLANG_WARN_DEPRECATED_OBJC_IMPLEMENTATIONS = YES;
				CLANG_WARN_DIRECT_OBJC_ISA_USAGE = YES_ERROR;
				CLANG_WARN_DOCUMENTATION_COMMENTS = YES;
				CLANG_WARN_EMPTY_BODY = YES;
				CLANG_WARN_ENUM_CONVERSION = YES;
				CLANG_WARN_INFINITE_RECURSION = YES;
				CLANG_WARN_INT_CONVERSION = YES;
				CLANG_WARN_NON_LITERAL_NULL_CONVERSION = YES;
				CLANG_WARN_OBJC_IMPLICIT_RETAIN_SELF = YES;
				CLANG_WARN_OBJC_LITERAL_CONVERSION = YES;
				CLANG_WARN_OBJC_ROOT_CLASS = YES_ERROR;
				CLANG_WARN_RANGE_LOOP_ANALYSIS = YES;
				CLANG_WARN_STRICT_PROTOTYPES = YES;
				CLANG_WARN_SUSPICIOUS_MOVE = YES;
				CLANG_WARN_UNGUARDED_AVAILABILITY = YES_AGGRESSIVE;
				CLANG_WARN_UNREACHABLE_CODE = YES;
				CLANG_WARN__DUPLICATE_METHOD_MATCH = YES;
				COPY_PHASE_STRIP = NO;
				DEBUG_INFORMATION_FORMAT = "dwarf-with-dsym";
				ENABLE_NS_ASSERTIONS = NO;
				ENABLE_STRICT_OBJC_MSGSEND = YES;
				GCC_C_LANGUAGE_STANDARD = gnu11;
				GCC_NO_COMMON_BLOCKS = YES;
				GCC_WARN_64_TO_32_BIT_CONVERSION = YES;
				GCC_WARN_ABOUT_RETURN_TYPE = YES_ERROR;
				GCC_WARN_UNDECLARED_SELECTOR = YES;
				GCC_WARN_UNINITIALIZED_AUTOS = YES_AGGRESSIVE;
				GCC_WARN_UNUSED_FUNCTION = YES;
				GCC_WARN_UNUSED_VARIABLE = YES;
				IPHONEOS_DEPLOYMENT_TARGET = 13.4;
				MTL_ENABLE_DEBUG_INFO = NO;
				MTL_FAST_MATH = YES;
				SDKROOT = iphoneos;
				VALIDATE_PRODUCT = YES;
			};
			name = Release;
		};
		18842C5F25DFAC5B00F0DCDC /* Debug */ = {
			isa = XCBuildConfiguration;
			buildSettings = {
				ASSETCATALOG_COMPILER_APPICON_NAME = AppIcon;
				CODE_SIGN_STYLE = Automatic;
				INFOPLIST_FILE = "hello-word/Info.plist";
				LD_RUNPATH_SEARCH_PATHS = (
					"$(inherited)",
					"@executable_path/Frameworks",
				);
				MARKETING_VERSION = 1.0;
				PRODUCT_BUNDLE_IDENTIFIER = "com.xyz.lovebhs.hello-word";
				PRODUCT_NAME = "hello-word";
				TARGETED_DEVICE_FAMILY = "1,2";
			};
			name = Debug;
		};
		18842C6025DFAC5B00F0DCDC /* Release */ = {
			isa = XCBuildConfiguration;
			buildSettings = {
				ASSETCATALOG_COMPILER_APPICON_NAME = AppIcon;
				CODE_SIGN_STYLE = Automatic;
				INFOPLIST_FILE = "hello-word/Info.plist";
				LD_RUNPATH_SEARCH_PATHS = (
					"$(inherited)",
					"@executable_path/Frameworks",
				);
				MARKETING_VERSION = 1.0;
				PRODUCT_BUNDLE_IDENTIFIER = "com.xyz.lovebhs.hello-word";
				PRODUCT_NAME = "hello-word";
				TARGETED_DEVICE_FAMILY = "1,2";
			};
			name = Release;
		};
/* End XCBuildConfiguration section */

/* Begin XCConfigurationList section */
		18842C4025DFAC5A00F0DCDC /* Build configuration list for PBXProject "hello-word" */ = {
			isa = XCConfigurationList;
			buildConfigurations = (
				18842C5C25DFAC5B00F0DCDC /* Debug */,
				18842C5D25DFAC5B00F0DCDC /* Release */,
			);
			defaultConfigurationIsVisible = 0;
			defaultConfigurationName = Release;
		};
		18842C5E25DFAC5B00F0DCDC /* Build configuration list for PBXNativeTarget "hello-word" */ = {
			isa = XCConfigurationList;
			buildConfigurations = (
				18842C5F25DFAC5B00F0DCDC /* Debug */,
				18842C6025DFAC5B00F0DCDC /* Release */,
			);
			defaultConfigurationIsVisible = 0;
			defaultConfigurationName = Release;
		};
/* End XCConfigurationList section */
	};
	rootObject = 18842C3D25DFAC5A00F0DCDC /* Project object */;
}
